// !$*UTF8*$!
{
	archiveVersion = 1;
	classes = {
	};
	objectVersion = 77;
	objects = {

/* Begin PBXContainerItemProxy section */
		DB63BA0A2F0770D5001B1FDD /* PBXContainerItemProxy */ = {
			isa = PBXContainerItemProxy;
			containerPortal = DB63B9F22F0770D4001B1FDD /* Project object */;
			proxyType = 1;
			remoteGlobalIDString = DB63B9F92F0770D4001B1FDD;
			remoteInfo = RoadTrip;
		};
		DB63BA142F0770D5001B1FDD /* PBXContainerItemProxy */ = {
			isa = PBXContainerItemProxy;
			containerPortal = DB63B9F22F0770D4001B1FDD /* Project object */;
			proxyType = 1;
			remoteGlobalIDString = DB63B9F92F0770D4001B1FDD;
			remoteInfo = RoadTrip;
		};
/* End PBXContainerItemProxy section */

/* Begin PBXFileReference section */
		DB63B9FA2F0770D4001B1FDD /* RoadTrip.app */ = {isa = PBXFileReference; explicitFileType = wrapper.application; includeInIndex = 0; path = RoadTrip.app; sourceTree = BUILT_PRODUCTS_DIR; };
		DB63BA092F0770D5001B1FDD /* RoadTripTests.xctest */ = {isa = PBXFileReference; explicitFileType = wrapper.cfbundle; includeInIndex = 0; path = RoadTripTests.xctest; sourceTree = BUILT_PRODUCTS_DIR; };
		DB63BA132F0770D5001B1FDD /* RoadTripUITests.xctest */ = {isa = PBXFileReference; explicitFileType = wrapper.cfbundle; includeInIndex = 0; path = RoadTripUITests.xctest; sourceTree = BUILT_PRODUCTS_DIR; };
/* End PBXFileReference section */

/* Begin PBXFileSystemSynchronizedBuildFileExceptionSet section */
		DB63BA452F07714E001B1FDD /* Exceptions for "RoadTrip" folder in "RoadTrip" target */ = {
			isa = PBXFileSystemSynchronizedBuildFileExceptionSet;
			membershipExceptions = (
				App/RoadTripApp.swift,
				Assets.xcassets,
				ContentView.swift,
				Item.swift,
				Models/Activity.swift,
				Models/ActivityTemplate.swift,
				Models/Trip.swift,
				Models/TripDay.swift,
				Theme/AppTheme.swift,
				Utilities/AnimationModifiers.swift,
				Utilities/LoadingView.swift,
				Utilities/LocationCache.swift,
				Utilities/ResponsiveLayout.swift,
				Utilities/RouteCalculator.swift,
				Utilities/TimeHelper.swift,
				ViewModels/TripDetailViewModel.swift,
				ViewModels/TripsViewModel.swift,
				Views/Home/EditTripView.swift,
				Views/Home/HomeView.swift,
				Views/TripDetail/ActivitiesMapView.swift,
				Views/TripDetail/ActivitiesView.swift,
				Views/TripDetail/DayDetailScheduleView.swift,
				Views/TripDetail/EditActivityView.swift,
				Views/TripDetail/EditTripDayView.swift,
				Views/TripDetail/LocationSearchField.swift,
				Views/TripDetail/OverviewView.swift,
				Views/TripDetail/RouteInfoView.swift,
				Views/TripDetail/ScheduleView.swift,
				Views/TripDetail/TemplatePickerView.swift,
				Views/TripDetail/TripDetailView.swift,
				Views/TripDetail/TripMapView.swift,
			);
			target = DB63B9F92F0770D4001B1FDD /* RoadTrip */;
		};
		DB63BA462F07714E001B1FDD /* Exceptions for "RoadTrip" folder in "RoadTripTests" target */ = {
			isa = PBXFileSystemSynchronizedBuildFileExceptionSet;
			membershipExceptions = (
				Assets.xcassets,
				ContentView.swift,
				Info.plist,
				Item.swift,
			);
			target = DB63BA082F0770D5001B1FDD /* RoadTripTests */;
		};
		DB63BA6D2F0775BD001B1FDD /* Exceptions for "RoadTrip" folder in "RoadTripUITests" target */ = {
			isa = PBXFileSystemSynchronizedBuildFileExceptionSet;
			membershipExceptions = (
				Models/Activity.swift,
				ViewModels/TripDetailViewModel.swift,
				ViewModels/TripsViewModel.swift,
				Views/TripDetail/TripDetailView.swift,
			);
			target = DB63BA122F0770D5001B1FDD /* RoadTripUITests */;
		};
/* End PBXFileSystemSynchronizedBuildFileExceptionSet section */

/* Begin PBXFileSystemSynchronizedRootGroup section */
		DB63BA0C2F0770D5001B1FDD /* RoadTripTests */ = {
			isa = PBXFileSystemSynchronizedRootGroup;
			path = RoadTripTests;
			sourceTree = "<group>";
		};
		DB63BA162F0770D5001B1FDD /* RoadTripUITests */ = {
			isa = PBXFileSystemSynchronizedRootGroup;
			path = RoadTripUITests;
			sourceTree = "<group>";
		};
		DB63BA402F07714E001B1FDD /* RoadTrip */ = {
			isa = PBXFileSystemSynchronizedRootGroup;
			exceptions = (
				DB63BA452F07714E001B1FDD /* Exceptions for "RoadTrip" folder in "RoadTrip" target */,
				DB63BA462F07714E001B1FDD /* Exceptions for "RoadTrip" folder in "RoadTripTests" target */,
				DB63BA6D2F0775BD001B1FDD /* Exceptions for "RoadTrip" folder in "RoadTripUITests" target */,
			);
			path = RoadTrip;
			sourceTree = "<group>";
		};
/* End PBXFileSystemSynchronizedRootGroup section */

/* Begin PBXFrameworksBuildPhase section */
		DB63B9F72F0770D4001B1FDD /* Frameworks */ = {
			isa = PBXFrameworksBuildPhase;
			buildActionMask = 2147483647;
			files = (
			);
			runOnlyForDeploymentPostprocessing = 0;
		};
		DB63BA062F0770D5001B1FDD /* Frameworks */ = {
			isa = PBXFrameworksBuildPhase;
			buildActionMask = 2147483647;
			files = (
			);
			runOnlyForDeploymentPostprocessing = 0;
		};
		DB63BA102F0770D5001B1FDD /* Frameworks */ = {
			isa = PBXFrameworksBuildPhase;
			buildActionMask = 2147483647;
			files = (
			);
			runOnlyForDeploymentPostprocessing = 0;
		};
/* End PBXFrameworksBuildPhase section */

/* Begin PBXGroup section */
		DB63B9F12F0770D4001B1FDD = {
			isa = PBXGroup;
			children = (
				DB63BA402F07714E001B1FDD /* RoadTrip */,
				DB63BA0C2F0770D5001B1FDD /* RoadTripTests */,
				DB63BA162F0770D5001B1FDD /* RoadTripUITests */,
				DB63B9FB2F0770D4001B1FDD /* Products */,
			);
			sourceTree = "<group>";
		};
		DB63B9FB2F0770D4001B1FDD /* Products */ = {
			isa = PBXGroup;
			children = (
				DB63B9FA2F0770D4001B1FDD /* RoadTrip.app */,
				DB63BA092F0770D5001B1FDD /* RoadTripTests.xctest */,
				DB63BA132F0770D5001B1FDD /* RoadTripUITests.xctest */,
			);
			name = Products;
			sourceTree = "<group>";
		};
/* End PBXGroup section */

/* Begin PBXNativeTarget section */
		DB63B9F92F0770D4001B1FDD /* RoadTrip */ = {
			isa = PBXNativeTarget;
			buildConfigurationList = DB63BA1D2F0770D5001B1FDD /* Build configuration list for PBXNativeTarget "RoadTrip" */;
			buildPhases = (
				DB63B9F62F0770D4001B1FDD /* Sources */,
				DB63B9F72F0770D4001B1FDD /* Frameworks */,
				DB63B9F82F0770D4001B1FDD /* Resources */,
			);
			buildRules = (
			);
			dependencies = (
			);
			name = RoadTrip;
			packageProductDependencies = (
			);
			productName = RoadTrip;
			productReference = DB63B9FA2F0770D4001B1FDD /* RoadTrip.app */;
			productType = "com.apple.product-type.application";
		};
		DB63BA082F0770D5001B1FDD /* RoadTripTests */ = {
			isa = PBXNativeTarget;
			buildConfigurationList = DB63BA202F0770D5001B1FDD /* Build configuration list for PBXNativeTarget "RoadTripTests" */;
			buildPhases = (
				DB63BA052F0770D5001B1FDD /* Sources */,
				DB63BA062F0770D5001B1FDD /* Frameworks */,
				DB63BA072F0770D5001B1FDD /* Resources */,
			);
			buildRules = (
			);
			dependencies = (
				DB63BA0B2F0770D5001B1FDD /* PBXTargetDependency */,
			);
			fileSystemSynchronizedGroups = (
				DB63BA0C2F0770D5001B1FDD /* RoadTripTests */,
				DB63BA402F07714E001B1FDD /* RoadTrip */,
			);
			name = RoadTripTests;
			packageProductDependencies = (
			);
			productName = RoadTripTests;
			productReference = DB63BA092F0770D5001B1FDD /* RoadTripTests.xctest */;
			productType = "com.apple.product-type.bundle.unit-test";
		};
		DB63BA122F0770D5001B1FDD /* RoadTripUITests */ = {
			isa = PBXNativeTarget;
			buildConfigurationList = DB63BA232F0770D5001B1FDD /* Build configuration list for PBXNativeTarget "RoadTripUITests" */;
			buildPhases = (
				DB63BA0F2F0770D5001B1FDD /* Sources */,
				DB63BA102F0770D5001B1FDD /* Frameworks */,
				DB63BA112F0770D5001B1FDD /* Resources */,
			);
			buildRules = (
			);
			dependencies = (
				DB63BA152F0770D5001B1FDD /* PBXTargetDependency */,
			);
			fileSystemSynchronizedGroups = (
				DB63BA162F0770D5001B1FDD /* RoadTripUITests */,
			);
			name = RoadTripUITests;
			packageProductDependencies = (
			);
			productName = RoadTripUITests;
			productReference = DB63BA132F0770D5001B1FDD /* RoadTripUITests.xctest */;
			productType = "com.apple.product-type.bundle.ui-testing";
		};
/* End PBXNativeTarget section */

/* Begin PBXProject section */
		DB63B9F22F0770D4001B1FDD /* Project object */ = {
			isa = PBXProject;
			attributes = {
				BuildIndependentTargetsInParallel = 1;
				LastSwiftUpdateCheck = 1640;
				LastUpgradeCheck = 1640;
				TargetAttributes = {
					DB63B9F92F0770D4001B1FDD = {
						CreatedOnToolsVersion = 16.4;
					};
					DB63BA082F0770D5001B1FDD = {
						CreatedOnToolsVersion = 16.4;
						TestTargetID = DB63B9F92F0770D4001B1FDD;
					};
					DB63BA122F0770D5001B1FDD = {
						CreatedOnToolsVersion = 16.4;
						TestTargetID = DB63B9F92F0770D4001B1FDD;
					};
				};
			};
			buildConfigurationList = DB63B9F52F0770D4001B1FDD /* Build configuration list for PBXProject "RoadTrip" */;
			developmentRegion = en;
			hasScannedForEncodings = 0;
			knownRegions = (
				en,
				Base,
			);
			mainGroup = DB63B9F12F0770D4001B1FDD;
			minimizedProjectReferenceProxies = 1;
			preferredProjectObjectVersion = 77;
			productRefGroup = DB63B9FB2F0770D4001B1FDD /* Products */;
			projectDirPath = "";
			projectRoot = "";
			targets = (
				DB63B9F92F0770D4001B1FDD /* RoadTrip */,
				DB63BA082F0770D5001B1FDD /* RoadTripTests */,
				DB63BA122F0770D5001B1FDD /* RoadTripUITests */,
			);
		};
/* End PBXProject section */

/* Begin PBXResourcesBuildPhase section */
		DB63B9F82F0770D4001B1FDD /* Resources */ = {
			isa = PBXResourcesBuildPhase;
			buildActionMask = 2147483647;
			files = (
			);
			runOnlyForDeploymentPostprocessing = 0;
		};
		DB63BA072F0770D5001B1FDD /* Resources */ = {
			isa = PBXResourcesBuildPhase;
			buildActionMask = 2147483647;
			files = (
			);
			runOnlyForDeploymentPostprocessing = 0;
		};
		DB63BA112F0770D5001B1FDD /* Resources */ = {
			isa = PBXResourcesBuildPhase;
			buildActionMask = 2147483647;
			files = (
			);
			runOnlyForDeploymentPostprocessing = 0;
		};
/* End PBXResourcesBuildPhase section */

/* Begin PBXSourcesBuildPhase section */
		DB63B9F62F0770D4001B1FDD /* Sources */ = {
			isa = PBXSourcesBuildPhase;
			buildActionMask = 2147483647;
			files = (
			);
			runOnlyForDeploymentPostprocessing = 0;
		};
		DB63BA052F0770D5001B1FDD /* Sources */ = {
			isa = PBXSourcesBuildPhase;
			buildActionMask = 2147483647;
			files = (
			);
			runOnlyForDeploymentPostprocessing = 0;
		};
		DB63BA0F2F0770D5001B1FDD /* Sources */ = {
			isa = PBXSourcesBuildPhase;
			buildActionMask = 2147483647;
			files = (
			);
			runOnlyForDeploymentPostprocessing = 0;
		};
/* End PBXSourcesBuildPhase section */

/* Begin PBXTargetDependency section */
		DB63BA0B2F0770D5001B1FDD /* PBXTargetDependency */ = {
			isa = PBXTargetDependency;
			target = DB63B9F92F0770D4001B1FDD /* RoadTrip */;
			targetProxy = DB63BA0A2F0770D5001B1FDD /* PBXContainerItemProxy */;
		};
		DB63BA152F0770D5001B1FDD /* PBXTargetDependency */ = {
			isa = PBXTargetDependency;
			target = DB63B9F92F0770D4001B1FDD /* RoadTrip */;
			targetProxy = DB63BA142F0770D5001B1FDD /* PBXContainerItemProxy */;
		};
/* End PBXTargetDependency section */

/* Begin XCBuildConfiguration section */
		DB63BA1B2F0770D5001B1FDD /* Debug */ = {
			isa = XCBuildConfiguration;
			buildSettings = {
				ALWAYS_SEARCH_USER_PATHS = NO;
				ASSETCATALOG_COMPILER_GENERATE_SWIFT_ASSET_SYMBOL_EXTENSIONS = YES;
				CLANG_ANALYZER_NONNULL = YES;
				CLANG_ANALYZER_NUMBER_OBJECT_CONVERSION = YES_AGGRESSIVE;
				CLANG_CXX_LANGUAGE_STANDARD = "gnu++20";
				CLANG_ENABLE_MODULES = YES;
				CLANG_ENABLE_OBJC_ARC = YES;
				CLANG_ENABLE_OBJC_WEAK = YES;
				CLANG_WARN_BLOCK_CAPTURE_AUTORELEASING = YES;
				CLANG_WARN_BOOL_CONVERSION = YES;
				CLANG_WARN_COMMA = YES;
				CLANG_WARN_CONSTANT_CONVERSION = YES;
				CLANG_WARN_DEPRECATED_OBJC_IMPLEMENTATIONS = YES;
				CLANG_WARN_DIRECT_OBJC_ISA_USAGE = YES_ERROR;
				CLANG_WARN_DOCUMENTATION_COMMENTS = YES;
				CLANG_WARN_EMPTY_BODY = YES;
				CLANG_WARN_ENUM_CONVERSION = YES;
				CLANG_WARN_INFINITE_RECURSION = YES;
				CLANG_WARN_INT_CONVERSION = YES;
				CLANG_WARN_NON_LITERAL_NULL_CONVERSION = YES;
				CLANG_WARN_OBJC_IMPLICIT_RETAIN_SELF = YES;
				CLANG_WARN_OBJC_LITERAL_CONVERSION = YES;
				CLANG_WARN_OBJC_ROOT_CLASS = YES_ERROR;
				CLANG_WARN_QUOTED_INCLUDE_IN_FRAMEWORK_HEADER = YES;
				CLANG_WARN_RANGE_LOOP_ANALYSIS = YES;
				CLANG_WARN_STRICT_PROTOTYPES = YES;
				CLANG_WARN_SUSPICIOUS_MOVE = YES;
				CLANG_WARN_UNGUARDED_AVAILABILITY = YES_AGGRESSIVE;
				CLANG_WARN_UNREACHABLE_CODE = YES;
				CLANG_WARN__DUPLICATE_METHOD_MATCH = YES;
				COPY_PHASE_STRIP = NO;
				DEBUG_INFORMATION_FORMAT = dwarf;
				DEVELOPMENT_TEAM = M2ZV7F454Z;
				ENABLE_STRICT_OBJC_MSGSEND = YES;
				ENABLE_TESTABILITY = YES;
				ENABLE_USER_SCRIPT_SANDBOXING = YES;
				GCC_C_LANGUAGE_STANDARD = gnu17;
				GCC_DYNAMIC_NO_PIC = NO;
				GCC_NO_COMMON_BLOCKS = YES;
				GCC_OPTIMIZATION_LEVEL = 0;
				GCC_PREPROCESSOR_DEFINITIONS = (
					"DEBUG=1",
					"$(inherited)",
				);
				GCC_WARN_64_TO_32_BIT_CONVERSION = YES;
				GCC_WARN_ABOUT_RETURN_TYPE = YES_ERROR;
				GCC_WARN_UNDECLARED_SELECTOR = YES;
				GCC_WARN_UNINITIALIZED_AUTOS = YES_AGGRESSIVE;
				GCC_WARN_UNUSED_FUNCTION = YES;
				GCC_WARN_UNUSED_VARIABLE = YES;
				IPHONEOS_DEPLOYMENT_TARGET = 18.5;
				LOCALIZATION_PREFERS_STRING_CATALOGS = YES;
				MTL_ENABLE_DEBUG_INFO = INCLUDE_SOURCE;
				MTL_FAST_MATH = YES;
				ONLY_ACTIVE_ARCH = YES;
				SDKROOT = iphoneos;
				SWIFT_ACTIVE_COMPILATION_CONDITIONS = "DEBUG $(inherited)";
				SWIFT_OPTIMIZATION_LEVEL = "-Onone";
			};
			name = Debug;
		};
		DB63BA1C2F0770D5001B1FDD /* Release */ = {
			isa = XCBuildConfiguration;
			buildSettings = {
				ALWAYS_SEARCH_USER_PATHS = NO;
				ASSETCATALOG_COMPILER_GENERATE_SWIFT_ASSET_SYMBOL_EXTENSIONS = YES;
				CLANG_ANALYZER_NONNULL = YES;
				CLANG_ANALYZER_NUMBER_OBJECT_CONVERSION = YES_AGGRESSIVE;
				CLANG_CXX_LANGUAGE_STANDARD = "gnu++20";
				CLANG_ENABLE_MODULES = YES;
				CLANG_ENABLE_OBJC_ARC = YES;
				CLANG_ENABLE_OBJC_WEAK = YES;
				CLANG_WARN_BLOCK_CAPTURE_AUTORELEASING = YES;
				CLANG_WARN_BOOL_CONVERSION = YES;
				CLANG_WARN_COMMA = YES;
				CLANG_WARN_CONSTANT_CONVERSION = YES;
				CLANG_WARN_DEPRECATED_OBJC_IMPLEMENTATIONS = YES;
				CLANG_WARN_DIRECT_OBJC_ISA_USAGE = YES_ERROR;
				CLANG_WARN_DOCUMENTATION_COMMENTS = YES;
				CLANG_WARN_EMPTY_BODY = YES;
				CLANG_WARN_ENUM_CONVERSION = YES;
				CLANG_WARN_INFINITE_RECURSION = YES;
				CLANG_WARN_INT_CONVERSION = YES;
				CLANG_WARN_NON_LITERAL_NULL_CONVERSION = YES;
				CLANG_WARN_OBJC_IMPLICIT_RETAIN_SELF = YES;
				CLANG_WARN_OBJC_LITERAL_CONVERSION = YES;
				CLANG_WARN_OBJC_ROOT_CLASS = YES_ERROR;
				CLANG_WARN_QUOTED_INCLUDE_IN_FRAMEWORK_HEADER = YES;
				CLANG_WARN_RANGE_LOOP_ANALYSIS = YES;
				CLANG_WARN_STRICT_PROTOTYPES = YES;
				CLANG_WARN_SUSPICIOUS_MOVE = YES;
				CLANG_WARN_UNGUARDED_AVAILABILITY = YES_AGGRESSIVE;
				CLANG_WARN_UNREACHABLE_CODE = YES;
				CLANG_WARN__DUPLICATE_METHOD_MATCH = YES;
				COPY_PHASE_STRIP = NO;
				DEBUG_INFORMATION_FORMAT = "dwarf-with-dsym";
				DEVELOPMENT_TEAM = M2ZV7F454Z;
				ENABLE_NS_ASSERTIONS = NO;
				ENABLE_STRICT_OBJC_MSGSEND = YES;
				ENABLE_USER_SCRIPT_SANDBOXING = YES;
				GCC_C_LANGUAGE_STANDARD = gnu17;
				GCC_NO_COMMON_BLOCKS = YES;
				GCC_WARN_64_TO_32_BIT_CONVERSION = YES;
				GCC_WARN_ABOUT_RETURN_TYPE = YES_ERROR;
				GCC_WARN_UNDECLARED_SELECTOR = YES;
				GCC_WARN_UNINITIALIZED_AUTOS = YES_AGGRESSIVE;
				GCC_WARN_UNUSED_FUNCTION = YES;
				GCC_WARN_UNUSED_VARIABLE = YES;
				IPHONEOS_DEPLOYMENT_TARGET = 18.5;
				LOCALIZATION_PREFERS_STRING_CATALOGS = YES;
				MTL_ENABLE_DEBUG_INFO = NO;
				MTL_FAST_MATH = YES;
				SDKROOT = iphoneos;
				SWIFT_COMPILATION_MODE = wholemodule;
				VALIDATE_PRODUCT = YES;
			};
			name = Release;
		};
		DB63BA1E2F0770D5001B1FDD /* Debug */ = {
			isa = XCBuildConfiguration;
			buildSettings = {
				ASSETCATALOG_COMPILER_APPICON_NAME = AppIcon;
				ASSETCATALOG_COMPILER_GLOBAL_ACCENT_COLOR_NAME = AccentColor;
				CODE_SIGN_STYLE = Automatic;
				CURRENT_PROJECT_VERSION = 1;
				DEVELOPMENT_TEAM = M2ZV7F454Z;
				ENABLE_PREVIEWS = YES;
				GENERATE_INFOPLIST_FILE = YES;
				INFOPLIST_FILE = RoadTrip/Info.plist;
				INFOPLIST_KEY_UIApplicationSceneManifest_Generation = YES;
				INFOPLIST_KEY_UIApplicationSupportsIndirectInputEvents = YES;
				INFOPLIST_KEY_UILaunchScreen_Generation = YES;
				INFOPLIST_KEY_UISupportedInterfaceOrientations_iPad = "UIInterfaceOrientationPortrait UIInterfaceOrientationPortraitUpsideDown UIInterfaceOrientationLandscapeLeft UIInterfaceOrientationLandscapeRight";
				INFOPLIST_KEY_UISupportedInterfaceOrientations_iPhone = "UIInterfaceOrientationPortrait UIInterfaceOrientationLandscapeLeft UIInterfaceOrientationLandscapeRight";
				LD_RUNPATH_SEARCH_PATHS = (
					"$(inherited)",
					"@executable_path/Frameworks",
				);
				MARKETING_VERSION = 1.0;
				PRODUCT_BUNDLE_IDENTIFIER = jjfrisch.RoadTrip;
				PRODUCT_NAME = "$(TARGET_NAME)";
				SWIFT_EMIT_LOC_STRINGS = YES;
				SWIFT_VERSION = 5.0;
				TARGETED_DEVICE_FAMILY = "1,2";
			};
			name = Debug;
		};
		DB63BA1F2F0770D5001B1FDD /* Release */ = {
			isa = XCBuildConfiguration;
			buildSettings = {
				ASSETCATALOG_COMPILER_APPICON_NAME = AppIcon;
				ASSETCATALOG_COMPILER_GLOBAL_ACCENT_COLOR_NAME = AccentColor;
				CODE_SIGN_STYLE = Automatic;
				CURRENT_PROJECT_VERSION = 1;
				DEVELOPMENT_TEAM = M2ZV7F454Z;
				ENABLE_PREVIEWS = YES;
				GENERATE_INFOPLIST_FILE = YES;
				INFOPLIST_FILE = RoadTrip/Info.plist;
				INFOPLIST_KEY_UIApplicationSceneManifest_Generation = YES;
				INFOPLIST_KEY_UIApplicationSupportsIndirectInputEvents = YES;
				INFOPLIST_KEY_UILaunchScreen_Generation = YES;
				INFOPLIST_KEY_UISupportedInterfaceOrientations_iPad = "UIInterfaceOrientationPortrait UIInterfaceOrientationPortraitUpsideDown UIInterfaceOrientationLandscapeLeft UIInterfaceOrientationLandscapeRight";
				INFOPLIST_KEY_UISupportedInterfaceOrientations_iPhone = "UIInterfaceOrientationPortrait UIInterfaceOrientationLandscapeLeft UIInterfaceOrientationLandscapeRight";
				LD_RUNPATH_SEARCH_PATHS = (
					"$(inherited)",
					"@executable_path/Frameworks",
				);
				MARKETING_VERSION = 1.0;
				PRODUCT_BUNDLE_IDENTIFIER = jjfrisch.RoadTrip;
				PRODUCT_NAME = "$(TARGET_NAME)";
				SWIFT_EMIT_LOC_STRINGS = YES;
				SWIFT_VERSION = 5.0;
				TARGETED_DEVICE_FAMILY = "1,2";
			};
			name = Release;
		};
		DB63BA212F0770D5001B1FDD /* Debug */ = {
			isa = XCBuildConfiguration;
			buildSettings = {
				BUNDLE_LOADER = "$(TEST_HOST)";
				CODE_SIGN_STYLE = Automatic;
				CURRENT_PROJECT_VERSION = 1;
				DEVELOPMENT_TEAM = M2ZV7F454Z;
				GENERATE_INFOPLIST_FILE = YES;
				IPHONEOS_DEPLOYMENT_TARGET = 18.5;
				MARKETING_VERSION = 1.0;
				PRODUCT_BUNDLE_IDENTIFIER = jjfrisch.RoadTripTests;
				PRODUCT_NAME = "$(TARGET_NAME)";
				SWIFT_EMIT_LOC_STRINGS = NO;
				SWIFT_VERSION = 5.0;
				TARGETED_DEVICE_FAMILY = "1,2";
				TEST_HOST = "$(BUILT_PRODUCTS_DIR)/RoadTrip.app/$(BUNDLE_EXECUTABLE_FOLDER_PATH)/RoadTrip";
			};
			name = Debug;
		};
		DB63BA222F0770D5001B1FDD /* Release */ = {
			isa = XCBuildConfiguration;
			buildSettings = {
				BUNDLE_LOADER = "$(TEST_HOST)";
				CODE_SIGN_STYLE = Automatic;
				CURRENT_PROJECT_VERSION = 1;
				DEVELOPMENT_TEAM = M2ZV7F454Z;
				GENERATE_INFOPLIST_FILE = YES;
				IPHONEOS_DEPLOYMENT_TARGET = 18.5;
				MARKETING_VERSION = 1.0;
				PRODUCT_BUNDLE_IDENTIFIER = jjfrisch.RoadTripTests;
				PRODUCT_NAME = "$(TARGET_NAME)";
				SWIFT_EMIT_LOC_STRINGS = NO;
				SWIFT_VERSION = 5.0;
				TARGETED_DEVICE_FAMILY = "1,2";
				TEST_HOST = "$(BUILT_PRODUCTS_DIR)/RoadTrip.app/$(BUNDLE_EXECUTABLE_FOLDER_PATH)/RoadTrip";
			};
			name = Release;
		};
		DB63BA242F0770D5001B1FDD /* Debug */ = {
			isa = XCBuildConfiguration;
			buildSettings = {
				CODE_SIGN_STYLE = Automatic;
				CURRENT_PROJECT_VERSION = 1;
				DEVELOPMENT_TEAM = M2ZV7F454Z;
				GENERATE_INFOPLIST_FILE = YES;
				MARKETING_VERSION = 1.0;
				PRODUCT_BUNDLE_IDENTIFIER = jjfrisch.RoadTripUITests;
				PRODUCT_NAME = "$(TARGET_NAME)";
				SWIFT_EMIT_LOC_STRINGS = NO;
				SWIFT_VERSION = 5.0;
				TARGETED_DEVICE_FAMILY = "1,2";
				TEST_TARGET_NAME = RoadTrip;
			};
			name = Debug;
		};
		DB63BA252F0770D5001B1FDD /* Release */ = {
			isa = XCBuildConfiguration;
			buildSettings = {
				CODE_SIGN_STYLE = Automatic;
				CURRENT_PROJECT_VERSION = 1;
				DEVELOPMENT_TEAM = M2ZV7F454Z;
				GENERATE_INFOPLIST_FILE = YES;
				MARKETING_VERSION = 1.0;
				PRODUCT_BUNDLE_IDENTIFIER = jjfrisch.RoadTripUITests;
				PRODUCT_NAME = "$(TARGET_NAME)";
				SWIFT_EMIT_LOC_STRINGS = NO;
				SWIFT_VERSION = 5.0;
				TARGETED_DEVICE_FAMILY = "1,2";
				TEST_TARGET_NAME = RoadTrip;
			};
			name = Release;
		};
/* End XCBuildConfiguration section */

/* Begin XCConfigurationList section */
		DB63B9F52F0770D4001B1FDD /* Build configuration list for PBXProject "RoadTrip" */ = {
			isa = XCConfigurationList;
			buildConfigurations = (
				DB63BA1B2F0770D5001B1FDD /* Debug */,
				DB63BA1C2F0770D5001B1FDD /* Release */,
			);
			defaultConfigurationIsVisible = 0;
			defaultConfigurationName = Release;
		};
		DB63BA1D2F0770D5001B1FDD /* Build configuration list for PBXNativeTarget "RoadTrip" */ = {
			isa = XCConfigurationList;
			buildConfigurations = (
				DB63BA1E2F0770D5001B1FDD /* Debug */,
				DB63BA1F2F0770D5001B1FDD /* Release */,
			);
			defaultConfigurationIsVisible = 0;
			defaultConfigurationName = Release;
		};
		DB63BA202F0770D5001B1FDD /* Build configuration list for PBXNativeTarget "RoadTripTests" */ = {
			isa = XCConfigurationList;
			buildConfigurations = (
				DB63BA212F0770D5001B1FDD /* Debug */,
				DB63BA222F0770D5001B1FDD /* Release */,
			);
			defaultConfigurationIsVisible = 0;
			defaultConfigurationName = Release;
		};
		DB63BA232F0770D5001B1FDD /* Build configuration list for PBXNativeTarget "RoadTripUITests" */ = {
			isa = XCConfigurationList;
			buildConfigurations = (
				DB63BA242F0770D5001B1FDD /* Debug */,
				DB63BA252F0770D5001B1FDD /* Release */,
			);
			defaultConfigurationIsVisible = 0;
			defaultConfigurationName = Release;
		};
/* End XCConfigurationList section */
	};
	rootObject = DB63B9F22F0770D4001B1FDD /* Project object */;
}
